
Microsoft Visual Studio Solution File, Format Version 12.00
# Visual Studio Version 17
VisualStudioVersion = 17.0.31903.59
MinimumVisualStudioVersion = 10.0.40219.1
Project("{2150E333-8FDC-42A3-9474-1A3956D46DE8}") = "src", "src", "{7416F6E9-88F8-4641-B2D2-E5DB5EEA8D57}"
EndProject
Project("{FAE04EC0-301F-11D3-BF4B-00C04F79EFBC}") = "GameCore", "src\GameCore\GameCore.csproj", "{A13D351A-94D9-4491-8ACA-EBAEF82FEE0F}"
EndProject
Project("{FAE04EC0-301F-11D3-BF4B-00C04F79EFBC}") = "GameConsole", "src\GameConsole\GameConsole.csproj", "{0BCFBCE0-CD59-4E0C-AA26-4AFA47845E5A}"
EndProject
Global
	GlobalSection(SolutionConfigurationPlatforms) = preSolution
		Debug|Any CPU = Debug|Any CPU
		Release|Any CPU = Release|Any CPU
	EndGlobalSection
	GlobalSection(SolutionProperties) = preSolution
		HideSolutionNode = FALSE
	EndGlobalSection
	GlobalSection(ProjectConfigurationPlatforms) = postSolution
		{A13D351A-94D9-4491-8ACA-EBAEF82FEE0F}.Debug|Any CPU.ActiveCfg = Debug|Any CPU
		{A13D351A-94D9-4491-8ACA-EBAEF82FEE0F}.Debug|Any CPU.Build.0 = Debug|Any CPU
		{A13D351A-94D9-4491-8ACA-EBAEF82FEE0F}.Release|Any CPU.ActiveCfg = Release|Any CPU
		{A13D351A-94D9-4491-8ACA-EBAEF82FEE0F}.Release|Any CPU.Build.0 = Release|Any CPU
		{0BCFBCE0-CD59-4E0C-AA26-4AFA47845E5A}.Debug|Any CPU.ActiveCfg = Debug|Any CPU
		{0BCFBCE0-CD59-4E0C-AA26-4AFA47845E5A}.Debug|Any CPU.Build.0 = Debug|Any CPU
		{0BCFBCE0-CD59-4E0C-AA26-4AFA47845E5A}.Release|Any CPU.ActiveCfg = Release|Any CPU
		{0BCFBCE0-CD59-4E0C-AA26-4AFA47845E5A}.Release|Any CPU.Build.0 = Release|Any CPU
	EndGlobalSection
	GlobalSection(NestedProjects) = preSolution
		{A13D351A-94D9-4491-8ACA-EBAEF82FEE0F} = {7416F6E9-88F8-4641-B2D2-E5DB5EEA8D57}
		{0BCFBCE0-CD59-4E0C-AA26-4AFA47845E5A} = {7416F6E9-88F8-4641-B2D2-E5DB5EEA8D57}
	EndGlobalSection
EndGlobal
